
Microsoft Visual Studio Solution File, Format Version 12.00
# Visual Studio 15
Project("{FAE04EC0-301F-11D3-BF4B-00C04F79EFBC}") = "Assembly-CSharp", "Assembly-CSharp.csproj", "{14AC8E08-F931-9A95-F9C7-3274BB25CE04}"
EndProject
Global
	GlobalSection(SolutionConfigurationPlatforms) = preSolution
		Debug|Any CPU = Debug|Any CPU
		Release|Any CPU = Release|Any CPU
	EndGlobalSection
	GlobalSection(ProjectConfigurationPlatforms) = postSolution
		{14AC8E08-F931-9A95-F9C7-3274BB25CE04}.Debug|Any CPU.ActiveCfg = Debug|Any CPU
		{14AC8E08-F931-9A95-F9C7-3274BB25CE04}.Debug|Any CPU.Build.0 = Debug|Any CPU
		{14AC8E08-F931-9A95-F9C7-3274BB25CE04}.Release|Any CPU.ActiveCfg = Release|Any CPU
		{14AC8E08-F931-9A95-F9C7-3274BB25CE04}.Release|Any CPU.Build.0 = Release|Any CPU
	EndGlobalSection
	GlobalSection(SolutionProperties) = preSolution
		HideSolutionNode = FALSE
	EndGlobalSection
EndGlobal
